
Microsoft Visual Studio Solution File, Format Version 12.00
# Visual Studio Version 16
VisualStudioVersion = 16.0.29519.87
MinimumVisualStudioVersion = 10.0.40219.1
Project("{FAE04EC0-301F-11D3-BF4B-00C04F79EFBC}") = "MappingLectureCourse", "MappingLectureCourse\MappingLectureCourse.csproj", "{F2485868-92CC-43C8-B46B-EAAC4CBBBA51}"
EndProject
Global
	GlobalSection(SolutionConfigurationPlatforms) = preSolution
		Debug|Any CPU = Debug|Any CPU
		Release|Any CPU = Release|Any CPU
	EndGlobalSection
	GlobalSection(ProjectConfigurationPlatforms) = postSolution
		{F2485868-92CC-43C8-B46B-EAAC4CBBBA51}.Debug|Any CPU.ActiveCfg = Debug|Any CPU
		{F2485868-92CC-43C8-B46B-EAAC4CBBBA51}.Debug|Any CPU.Build.0 = Debug|Any CPU
		{F2485868-92CC-43C8-B46B-EAAC4CBBBA51}.Release|Any CPU.ActiveCfg = Release|Any CPU
		{F2485868-92CC-43C8-B46B-EAAC4CBBBA51}.Release|Any CPU.Build.0 = Release|Any CPU
	EndGlobalSection
	GlobalSection(SolutionProperties) = preSolution
		HideSolutionNode = FALSE
	EndGlobalSection
	GlobalSection(ExtensibilityGlobals) = postSolution
		SolutionGuid = {2F2E2B3B-1274-4D8C-BDA9-C6969CAF4BE2}
	EndGlobalSection
EndGlobal
